
Microsoft Visual Studio Solution File, Format Version 12.00
# Visual Studio 15
VisualStudioVersion = 15.0.28307.136
MinimumVisualStudioVersion = 10.0.40219.1
Project("{FAE04EC0-301F-11D3-BF4B-00C04F79EFBC}") = "WorkmanCiera_Exercise4", "WorkmanCiera_Exercise4\WorkmanCiera_Exercise4.csproj", "{40F38121-0801-4214-8F51-48F8FD4A2FA9}"
EndProject
Global
	GlobalSection(SolutionConfigurationPlatforms) = preSolution
		Debug|Any CPU = Debug|Any CPU
		Release|Any CPU = Release|Any CPU
	EndGlobalSection
	GlobalSection(ProjectConfigurationPlatforms) = postSolution
		{40F38121-0801-4214-8F51-48F8FD4A2FA9}.Debug|Any CPU.ActiveCfg = Debug|Any CPU
		{40F38121-0801-4214-8F51-48F8FD4A2FA9}.Debug|Any CPU.Build.0 = Debug|Any CPU
		{40F38121-0801-4214-8F51-48F8FD4A2FA9}.Release|Any CPU.ActiveCfg = Release|Any CPU
		{40F38121-0801-4214-8F51-48F8FD4A2FA9}.Release|Any CPU.Build.0 = Release|Any CPU
	EndGlobalSection
	GlobalSection(SolutionProperties) = preSolution
		HideSolutionNode = FALSE
	EndGlobalSection
	GlobalSection(ExtensibilityGlobals) = postSolution
		SolutionGuid = {344E2ABE-4D75-45A4-88D0-031647D1108B}
	EndGlobalSection
EndGlobal
