
Microsoft Visual Studio Solution File, Format Version 12.00
# Visual Studio 15
VisualStudioVersion = 15.0.28307.136
MinimumVisualStudioVersion = 10.0.40219.1
Project("{FAE04EC0-301F-11D3-BF4B-00C04F79EFBC}") = "WorkmanCiera_Exercise2", "WorkmanCiera_Exercise2\WorkmanCiera_Exercise2.csproj", "{0251771E-FA88-4B54-950F-66ED102DBB11}"
EndProject
Global
	GlobalSection(SolutionConfigurationPlatforms) = preSolution
		Debug|Any CPU = Debug|Any CPU
		Release|Any CPU = Release|Any CPU
	EndGlobalSection
	GlobalSection(ProjectConfigurationPlatforms) = postSolution
		{0251771E-FA88-4B54-950F-66ED102DBB11}.Debug|Any CPU.ActiveCfg = Debug|Any CPU
		{0251771E-FA88-4B54-950F-66ED102DBB11}.Debug|Any CPU.Build.0 = Debug|Any CPU
		{0251771E-FA88-4B54-950F-66ED102DBB11}.Release|Any CPU.ActiveCfg = Release|Any CPU
		{0251771E-FA88-4B54-950F-66ED102DBB11}.Release|Any CPU.Build.0 = Release|Any CPU
	EndGlobalSection
	GlobalSection(SolutionProperties) = preSolution
		HideSolutionNode = FALSE
	EndGlobalSection
	GlobalSection(ExtensibilityGlobals) = postSolution
		SolutionGuid = {F4183E01-9478-4954-ABFE-4FF2A0009C4D}
	EndGlobalSection
EndGlobal
